
Microsoft Visual Studio Solution File, Format Version 12.00
# Visual Studio 2013
VisualStudioVersion = 12.0.30723.0
MinimumVisualStudioVersion = 10.0.40219.1
Project("{FAE04EC0-301F-11D3-BF4B-00C04F79EFBC}") = "SSW.Data.Entities", "SSW.Data.Entities\SSW.Data.Entities.csproj", "{8E499364-1B40-419F-99E2-9CE8A701E3B7}"
EndProject
Project("{FAE04EC0-301F-11D3-BF4B-00C04F79EFBC}") = "SSW.Data.Interfaces", "SSW.Data.Interfaces\SSW.Data.Interfaces.csproj", "{42741428-5915-4AE9-A5EF-1695E28456F6}"
EndProject
Project("{FAE04EC0-301F-11D3-BF4B-00C04F79EFBC}") = "SSW.Data.EF", "SSW.Data.EF\SSW.Data.EF.csproj", "{6E9FB890-0C04-486F-A386-C187907BB169}"
EndProject
Project("{2150E333-8FDC-42A3-9474-1A3956D46DE8}") = ".nuget", ".nuget", "{F84AF0E1-1624-442C-85EF-6FF418E6B9AF}"
	ProjectSection(SolutionItems) = preProject
		.nuget\packages.config = .nuget\packages.config
	EndProjectSection
EndProject
Project("{FAE04EC0-301F-11D3-BF4B-00C04F79EFBC}") = "SSW.Data.SqlFileRepository", "SSW.Data.SqlFileRepository\SSW.Data.SqlFileRepository.csproj", "{ED1C7C60-F4ED-4F28-8E9B-07AF5256EC89}"
EndProject
Project("{FAE04EC0-301F-11D3-BF4B-00C04F79EFBC}") = "SSW.Data.Repositories.Generator", "SSW.Data.Repositories.Generator\SSW.Data.Repositories.Generator.csproj", "{3E178853-0AA4-46AF-B2B6-EDE256E55C2B}"
EndProject
Project("{2150E333-8FDC-42A3-9474-1A3956D46DE8}") = "Testing", "Testing", "{672F8048-21ED-47E4-A53F-1282A374C795}"
EndProject
Project("{FAE04EC0-301F-11D3-BF4B-00C04F79EFBC}") = "SSW.Data.Tests.DomainModel", "SSW.Data.Tests.DomainModel\SSW.Data.Tests.DomainModel.csproj", "{F6F5F9BA-FEB2-482A-BBA9-21068142860C}"
EndProject
Project("{FAE04EC0-301F-11D3-BF4B-00C04F79EFBC}") = "SSW.Data.RepositoryInterfaces.Generator", "SSW.Data.RepositoryInterfaces.Generator\SSW.Data.RepositoryInterfaces.Generator.csproj", "{1EA0C329-11FF-4BCE-9675-A91864F3CF1E}"
EndProject
Project("{FAE04EC0-301F-11D3-BF4B-00C04F79EFBC}") = "SSW.Data.DbContext.Generator", "SSW.Data.DbContext.Generator\SSW.Data.DbContext.Generator.csproj", "{2252556F-F63C-4B06-9B35-FBF14D348F76}"
EndProject
Project("{FAE04EC0-301F-11D3-BF4B-00C04F79EFBC}") = "SSW.Data.Tests.Integration", "SSW.Data.Tests.Integration\SSW.Data.Tests.Integration.csproj", "{202AAABE-5D98-4837-A791-D76FCBF3B9EE}"
EndProject
Project("{2150E333-8FDC-42A3-9474-1A3956D46DE8}") = "Documentation", "Documentation", "{42EBB6A8-655F-4953-B6B7-6D48796D12E6}"
	ProjectSection(SolutionItems) = preProject
		Documentation\SSW Data Onion.docx = Documentation\SSW Data Onion.docx
	EndProjectSection
EndProject
Global
	GlobalSection(SolutionConfigurationPlatforms) = preSolution
		Debug|Any CPU = Debug|Any CPU
		Release|Any CPU = Release|Any CPU
	EndGlobalSection
	GlobalSection(ProjectConfigurationPlatforms) = postSolution
		{8E499364-1B40-419F-99E2-9CE8A701E3B7}.Debug|Any CPU.ActiveCfg = Debug|Any CPU
		{8E499364-1B40-419F-99E2-9CE8A701E3B7}.Debug|Any CPU.Build.0 = Debug|Any CPU
		{8E499364-1B40-419F-99E2-9CE8A701E3B7}.Release|Any CPU.ActiveCfg = Release|Any CPU
		{8E499364-1B40-419F-99E2-9CE8A701E3B7}.Release|Any CPU.Build.0 = Release|Any CPU
		{42741428-5915-4AE9-A5EF-1695E28456F6}.Debug|Any CPU.ActiveCfg = Debug|Any CPU
		{42741428-5915-4AE9-A5EF-1695E28456F6}.Debug|Any CPU.Build.0 = Debug|Any CPU
		{42741428-5915-4AE9-A5EF-1695E28456F6}.Release|Any CPU.ActiveCfg = Release|Any CPU
		{42741428-5915-4AE9-A5EF-1695E28456F6}.Release|Any CPU.Build.0 = Release|Any CPU
		{6E9FB890-0C04-486F-A386-C187907BB169}.Debug|Any CPU.ActiveCfg = Debug|Any CPU
		{6E9FB890-0C04-486F-A386-C187907BB169}.Debug|Any CPU.Build.0 = Debug|Any CPU
		{6E9FB890-0C04-486F-A386-C187907BB169}.Release|Any CPU.ActiveCfg = Release|Any CPU
		{6E9FB890-0C04-486F-A386-C187907BB169}.Release|Any CPU.Build.0 = Release|Any CPU
		{ED1C7C60-F4ED-4F28-8E9B-07AF5256EC89}.Debug|Any CPU.ActiveCfg = Debug|Any CPU
		{ED1C7C60-F4ED-4F28-8E9B-07AF5256EC89}.Debug|Any CPU.Build.0 = Debug|Any CPU
		{ED1C7C60-F4ED-4F28-8E9B-07AF5256EC89}.Release|Any CPU.ActiveCfg = Release|Any CPU
		{ED1C7C60-F4ED-4F28-8E9B-07AF5256EC89}.Release|Any CPU.Build.0 = Release|Any CPU
		{3E178853-0AA4-46AF-B2B6-EDE256E55C2B}.Debug|Any CPU.ActiveCfg = Debug|Any CPU
		{3E178853-0AA4-46AF-B2B6-EDE256E55C2B}.Debug|Any CPU.Build.0 = Debug|Any CPU
		{3E178853-0AA4-46AF-B2B6-EDE256E55C2B}.Release|Any CPU.ActiveCfg = Release|Any CPU
		{3E178853-0AA4-46AF-B2B6-EDE256E55C2B}.Release|Any CPU.Build.0 = Release|Any CPU
		{F6F5F9BA-FEB2-482A-BBA9-21068142860C}.Debug|Any CPU.ActiveCfg = Debug|Any CPU
		{F6F5F9BA-FEB2-482A-BBA9-21068142860C}.Debug|Any CPU.Build.0 = Debug|Any CPU
		{F6F5F9BA-FEB2-482A-BBA9-21068142860C}.Release|Any CPU.ActiveCfg = Release|Any CPU
		{F6F5F9BA-FEB2-482A-BBA9-21068142860C}.Release|Any CPU.Build.0 = Release|Any CPU
		{1EA0C329-11FF-4BCE-9675-A91864F3CF1E}.Debug|Any CPU.ActiveCfg = Debug|Any CPU
		{1EA0C329-11FF-4BCE-9675-A91864F3CF1E}.Debug|Any CPU.Build.0 = Debug|Any CPU
		{1EA0C329-11FF-4BCE-9675-A91864F3CF1E}.Release|Any CPU.ActiveCfg = Release|Any CPU
		{1EA0C329-11FF-4BCE-9675-A91864F3CF1E}.Release|Any CPU.Build.0 = Release|Any CPU
		{2252556F-F63C-4B06-9B35-FBF14D348F76}.Debug|Any CPU.ActiveCfg = Debug|Any CPU
		{2252556F-F63C-4B06-9B35-FBF14D348F76}.Debug|Any CPU.Build.0 = Debug|Any CPU
		{2252556F-F63C-4B06-9B35-FBF14D348F76}.Release|Any CPU.ActiveCfg = Release|Any CPU
		{2252556F-F63C-4B06-9B35-FBF14D348F76}.Release|Any CPU.Build.0 = Release|Any CPU
		{202AAABE-5D98-4837-A791-D76FCBF3B9EE}.Debug|Any CPU.ActiveCfg = Debug|Any CPU
		{202AAABE-5D98-4837-A791-D76FCBF3B9EE}.Debug|Any CPU.Build.0 = Debug|Any CPU
		{202AAABE-5D98-4837-A791-D76FCBF3B9EE}.Release|Any CPU.ActiveCfg = Release|Any CPU
		{202AAABE-5D98-4837-A791-D76FCBF3B9EE}.Release|Any CPU.Build.0 = Release|Any CPU
	EndGlobalSection
	GlobalSection(SolutionProperties) = preSolution
		HideSolutionNode = FALSE
	EndGlobalSection
	GlobalSection(NestedProjects) = preSolution
		{F6F5F9BA-FEB2-482A-BBA9-21068142860C} = {672F8048-21ED-47E4-A53F-1282A374C795}
		{202AAABE-5D98-4837-A791-D76FCBF3B9EE} = {672F8048-21ED-47E4-A53F-1282A374C795}
	EndGlobalSection
EndGlobal
