
Microsoft Visual Studio Solution File, Format Version 12.00
# Visual Studio 2013
VisualStudioVersion = 12.0.30501.0
MinimumVisualStudioVersion = 10.0.40219.1
Project("{FAE04EC0-301F-11D3-BF4B-00C04F79EFBC}") = "SSW.Data.Entities", "SSW.Data.Entities\SSW.Data.Entities.csproj", "{8E499364-1B40-419F-99E2-9CE8A701E3B7}"
EndProject
Project("{FAE04EC0-301F-11D3-BF4B-00C04F79EFBC}") = "SSW.Data.Interfaces", "SSW.Data.Interfaces\SSW.Data.Interfaces.csproj", "{42741428-5915-4AE9-A5EF-1695E28456F6}"
EndProject
Project("{FAE04EC0-301F-11D3-BF4B-00C04F79EFBC}") = "SSW.Data.EF", "SSW.Data.EF\SSW.Data.EF.csproj", "{6E9FB890-0C04-486F-A386-C187907BB169}"
EndProject
Project("{2150E333-8FDC-42A3-9474-1A3956D46DE8}") = ".nuget", ".nuget", "{F84AF0E1-1624-442C-85EF-6FF418E6B9AF}"
	ProjectSection(SolutionItems) = preProject
		.nuget\packages.config = .nuget\packages.config
	EndProjectSection
EndProject
Project("{FAE04EC0-301F-11D3-BF4B-00C04F79EFBC}") = "SSW.Data.SqlFileRepository", "SSW.Data.SqlFileRepository\SSW.Data.SqlFileRepository.csproj", "{ED1C7C60-F4ED-4F28-8E9B-07AF5256EC89}"
EndProject
Global
	GlobalSection(SolutionConfigurationPlatforms) = preSolution
		Debug|Any CPU = Debug|Any CPU
		Release|Any CPU = Release|Any CPU
	EndGlobalSection
	GlobalSection(ProjectConfigurationPlatforms) = postSolution
		{8E499364-1B40-419F-99E2-9CE8A701E3B7}.Debug|Any CPU.ActiveCfg = Debug|Any CPU
		{8E499364-1B40-419F-99E2-9CE8A701E3B7}.Debug|Any CPU.Build.0 = Debug|Any CPU
		{8E499364-1B40-419F-99E2-9CE8A701E3B7}.Release|Any CPU.ActiveCfg = Release|Any CPU
		{8E499364-1B40-419F-99E2-9CE8A701E3B7}.Release|Any CPU.Build.0 = Release|Any CPU
		{42741428-5915-4AE9-A5EF-1695E28456F6}.Debug|Any CPU.ActiveCfg = Debug|Any CPU
		{42741428-5915-4AE9-A5EF-1695E28456F6}.Debug|Any CPU.Build.0 = Debug|Any CPU
		{42741428-5915-4AE9-A5EF-1695E28456F6}.Release|Any CPU.ActiveCfg = Release|Any CPU
		{42741428-5915-4AE9-A5EF-1695E28456F6}.Release|Any CPU.Build.0 = Release|Any CPU
		{6E9FB890-0C04-486F-A386-C187907BB169}.Debug|Any CPU.ActiveCfg = Debug|Any CPU
		{6E9FB890-0C04-486F-A386-C187907BB169}.Debug|Any CPU.Build.0 = Debug|Any CPU
		{6E9FB890-0C04-486F-A386-C187907BB169}.Release|Any CPU.ActiveCfg = Release|Any CPU
		{6E9FB890-0C04-486F-A386-C187907BB169}.Release|Any CPU.Build.0 = Release|Any CPU
		{ED1C7C60-F4ED-4F28-8E9B-07AF5256EC89}.Debug|Any CPU.ActiveCfg = Debug|Any CPU
		{ED1C7C60-F4ED-4F28-8E9B-07AF5256EC89}.Debug|Any CPU.Build.0 = Debug|Any CPU
		{ED1C7C60-F4ED-4F28-8E9B-07AF5256EC89}.Release|Any CPU.ActiveCfg = Release|Any CPU
		{ED1C7C60-F4ED-4F28-8E9B-07AF5256EC89}.Release|Any CPU.Build.0 = Release|Any CPU
	EndGlobalSection
	GlobalSection(SolutionProperties) = preSolution
		HideSolutionNode = FALSE
	EndGlobalSection
EndGlobal
